<Solution>
  <Folder Name="/.claude/">
    <File Path=".claude/settings.json" />
  </Folder>
  <Folder Name="/src/">
    <Project Path="src/RocketMQ.Runner/RocketMQ.Runner.csproj" />
  </Folder>
  <Folder Name="/tests/">
    <Project Path="tests/RocketMQ.Runner.Unit.Tests/RocketMQ.Runner.Unit.Tests.csproj" />
  </Folder>
</Solution>
